
Microsoft Visual Studio Solution File, Format Version 12.00
# Visual Studio 15
VisualStudioVersion = 15.0.27428.2027
MinimumVisualStudioVersion = 10.0.40219.1
Project("{FAE04EC0-301F-11D3-BF4B-00C04F79EFBC}") = "EyeTapStudy", "EyeTapStudy\EyeTapStudy.csproj", "{4BC440A4-D9DC-461F-8F98-7E50C3503945}"
EndProject
Global
	GlobalSection(SolutionConfigurationPlatforms) = preSolution
		Debug|Any CPU = Debug|Any CPU
		Release|Any CPU = Release|Any CPU
	EndGlobalSection
	GlobalSection(ProjectConfigurationPlatforms) = postSolution
		{4BC440A4-D9DC-461F-8F98-7E50C3503945}.Debug|Any CPU.ActiveCfg = Debug|Any CPU
		{4BC440A4-D9DC-461F-8F98-7E50C3503945}.Debug|Any CPU.Build.0 = Debug|Any CPU
		{4BC440A4-D9DC-461F-8F98-7E50C3503945}.Release|Any CPU.ActiveCfg = Release|Any CPU
		{4BC440A4-D9DC-461F-8F98-7E50C3503945}.Release|Any CPU.Build.0 = Release|Any CPU
	EndGlobalSection
	GlobalSection(SolutionProperties) = preSolution
		HideSolutionNode = FALSE
	EndGlobalSection
	GlobalSection(ExtensibilityGlobals) = postSolution
		SolutionGuid = {2FE12B90-C9CC-452F-A157-481193993D64}
	EndGlobalSection
EndGlobal
